
Microsoft Visual Studio Solution File, Format Version 12.00
# Visual Studio Version 18
VisualStudioVersion = 18.9.12120.119
MinimumVisualStudioVersion = 10.0.40219.1
Project("{FAE04EC0-301F-11D3-BF4B-00C04F79EFBC}") = "FormulaOne.Api", "FormulaOne.Api\FormulaOne.Api.csproj", "{E034389B-DE2A-4D35-B1F0-D939C336BB13}"
EndProject
Project("{FAE04EC0-301F-11D3-BF4B-00C04F79EFBC}") = "FormulaOne.Entities", "FormulaOne.Entities\FormulaOne.Entities.csproj", "{377F3248-D4FF-4DBD-B341-39B3FF5DB105}"
EndProject
Project("{FAE04EC0-301F-11D3-BF4B-00C04F79EFBC}") = "FormulaOne.DataService", "FormulaOne.DataService\FormulaOne.DataService.csproj", "{778D43A8-FA19-466E-AB4A-CE46B01E3520}"
EndProject
Global
	GlobalSection(SolutionConfigurationPlatforms) = preSolution
		Debug|Any CPU = Debug|Any CPU
		Release|Any CPU = Release|Any CPU
	EndGlobalSection
	GlobalSection(ProjectConfigurationPlatforms) = postSolution
		{E034389B-DE2A-4D35-B1F0-D939C336BB13}.Debug|Any CPU.ActiveCfg = Debug|Any CPU
		{E034389B-DE2A-4D35-B1F0-D939C336BB13}.Debug|Any CPU.Build.0 = Debug|Any CPU
		{E034389B-DE2A-4D35-B1F0-D939C336BB13}.Release|Any CPU.ActiveCfg = Release|Any CPU
		{E034389B-DE2A-4D35-B1F0-D939C336BB13}.Release|Any CPU.Build.0 = Release|Any CPU
		{377F3248-D4FF-4DBD-B341-39B3FF5DB105}.Debug|Any CPU.ActiveCfg = Debug|Any CPU
		{377F3248-D4FF-4DBD-B341-39B3FF5DB105}.Debug|Any CPU.Build.0 = Debug|Any CPU
		{377F3248-D4FF-4DBD-B341-39B3FF5DB105}.Release|Any CPU.ActiveCfg = Release|Any CPU
		{377F3248-D4FF-4DBD-B341-39B3FF5DB105}.Release|Any CPU.Build.0 = Release|Any CPU
		{778D43A8-FA19-466E-AB4A-CE46B01E3520}.Debug|Any CPU.ActiveCfg = Debug|Any CPU
		{778D43A8-FA19-466E-AB4A-CE46B01E3520}.Debug|Any CPU.Build.0 = Debug|Any CPU
		{778D43A8-FA19-466E-AB4A-CE46B01E3520}.Release|Any CPU.ActiveCfg = Release|Any CPU
		{778D43A8-FA19-466E-AB4A-CE46B01E3520}.Release|Any CPU.Build.0 = Release|Any CPU
	EndGlobalSection
	GlobalSection(SolutionProperties) = preSolution
		HideSolutionNode = FALSE
	EndGlobalSection
	GlobalSection(ExtensibilityGlobals) = postSolution
		SolutionGuid = {2B2DA530-FD03-47B4-9782-4EDD08977B00}
	EndGlobalSection
EndGlobal
